
Microsoft Visual Studio Solution File, Format Version 12.00
# Visual Studio Version 17
VisualStudioVersion = 17.11.35222.181
MinimumVisualStudioVersion = 10.0.40219.1
Project("{FAE04EC0-301F-11D3-BF4B-00C04F79EFBC}") = "ShoppingCart", "ShoppingCart.csproj", "{26F94214-5292-4694-8428-1AF9B139EA74}"
EndProject
Global
	GlobalSection(SolutionConfigurationPlatforms) = preSolution
		Debug|Any CPU = Debug|Any CPU
		Release|Any CPU = Release|Any CPU
	EndGlobalSection
	GlobalSection(ProjectConfigurationPlatforms) = postSolution
		{26F94214-5292-4694-8428-1AF9B139EA74}.Debug|Any CPU.ActiveCfg = Debug|Any CPU
		{26F94214-5292-4694-8428-1AF9B139EA74}.Debug|Any CPU.Build.0 = Debug|Any CPU
		{26F94214-5292-4694-8428-1AF9B139EA74}.Release|Any CPU.ActiveCfg = Release|Any CPU
		{26F94214-5292-4694-8428-1AF9B139EA74}.Release|Any CPU.Build.0 = Release|Any CPU
	EndGlobalSection
	GlobalSection(SolutionProperties) = preSolution
		HideSolutionNode = FALSE
	EndGlobalSection
	GlobalSection(ExtensibilityGlobals) = postSolution
		SolutionGuid = {C7F9916C-4AB4-4005-9CFD-89D92C34CB6A}
	EndGlobalSection
EndGlobal
